
Microsoft Visual Studio Solution File, Format Version 12.00
# Visual Studio 15
VisualStudioVersion = 15.0.27130.2010
MinimumVisualStudioVersion = 10.0.40219.1
Project("{FAE04EC0-301F-11D3-BF4B-00C04F79EFBC}") = "FizzBuzz-2018-02-13", "FizzBuzz-2018-02-13\FizzBuzz-2018-02-13.csproj", "{185C0740-0548-4A65-A90C-564A6C271221}"
EndProject
Global
	GlobalSection(SolutionConfigurationPlatforms) = preSolution
		Debug|Any CPU = Debug|Any CPU
		Release|Any CPU = Release|Any CPU
	EndGlobalSection
	GlobalSection(ProjectConfigurationPlatforms) = postSolution
		{185C0740-0548-4A65-A90C-564A6C271221}.Debug|Any CPU.ActiveCfg = Debug|Any CPU
		{185C0740-0548-4A65-A90C-564A6C271221}.Debug|Any CPU.Build.0 = Debug|Any CPU
		{185C0740-0548-4A65-A90C-564A6C271221}.Release|Any CPU.ActiveCfg = Release|Any CPU
		{185C0740-0548-4A65-A90C-564A6C271221}.Release|Any CPU.Build.0 = Release|Any CPU
	EndGlobalSection
	GlobalSection(SolutionProperties) = preSolution
		HideSolutionNode = FALSE
	EndGlobalSection
	GlobalSection(ExtensibilityGlobals) = postSolution
		SolutionGuid = {7C5808BC-BFB6-4059-9372-F6F1A370F810}
	EndGlobalSection
EndGlobal
